
Microsoft Visual Studio Solution File, Format Version 12.00
# Visual Studio 2012
Project("{FAE04EC0-301F-11D3-BF4B-00C04F79EFBC}") = "Xamarin.Training.Droid", "Xamarin.Training.Droid\Xamarin.Training.Droid.csproj", "{B13885D6-F10A-4C14-AAC9-8717D1FCCFEF}"
EndProject
Project("{D954291E-2A0B-460D-934E-DC6B0785DB48}") = "Training.shared", "Training.shared\Training.shared.shproj", "{D0D7D3F4-FDAB-492A-9A11-55374F61C42D}"
EndProject
Global
	GlobalSection(SolutionConfigurationPlatforms) = preSolution
		Debug|Any CPU = Debug|Any CPU
		Release|Any CPU = Release|Any CPU
	EndGlobalSection
	GlobalSection(ProjectConfigurationPlatforms) = postSolution
		{B13885D6-F10A-4C14-AAC9-8717D1FCCFEF}.Debug|Any CPU.ActiveCfg = Debug|Any CPU
		{B13885D6-F10A-4C14-AAC9-8717D1FCCFEF}.Debug|Any CPU.Build.0 = Debug|Any CPU
		{B13885D6-F10A-4C14-AAC9-8717D1FCCFEF}.Release|Any CPU.ActiveCfg = Release|Any CPU
		{B13885D6-F10A-4C14-AAC9-8717D1FCCFEF}.Release|Any CPU.Build.0 = Release|Any CPU
	EndGlobalSection
	GlobalSection(MonoDevelopProperties) = preSolution
		StartupItem = Xamarin.Training.Droid\Xamarin.Training.Droid.csproj
	EndGlobalSection
EndGlobal
