
Microsoft Visual Studio Solution File, Format Version 12.00
# Visual Studio 2012
Project("{FAE04EC0-301F-11D3-BF4B-00C04F79EFBC}") = "TrainingSolution.Shared", "TrainingSolution.Shared\TrainingSolution.Shared.csproj", "{268E3E97-FB03-441E-8B9B-23C3022F1FC8}"
EndProject
Project("{FAE04EC0-301F-11D3-BF4B-00C04F79EFBC}") = "TrainingSolution.Droid", "TrainingSolution.Droid\TrainingSolution.Droid.csproj", "{68ABF904-09E9-4F8B-AEFB-3CA5B52209BE}"
EndProject
Global
	GlobalSection(SolutionConfigurationPlatforms) = preSolution
		Debug|Any CPU = Debug|Any CPU
		Release|Any CPU = Release|Any CPU
	EndGlobalSection
	GlobalSection(ProjectConfigurationPlatforms) = postSolution
		{268E3E97-FB03-441E-8B9B-23C3022F1FC8}.Debug|Any CPU.ActiveCfg = Debug|Any CPU
		{268E3E97-FB03-441E-8B9B-23C3022F1FC8}.Debug|Any CPU.Build.0 = Debug|Any CPU
		{268E3E97-FB03-441E-8B9B-23C3022F1FC8}.Release|Any CPU.ActiveCfg = Release|Any CPU
		{268E3E97-FB03-441E-8B9B-23C3022F1FC8}.Release|Any CPU.Build.0 = Release|Any CPU
		{68ABF904-09E9-4F8B-AEFB-3CA5B52209BE}.Debug|Any CPU.ActiveCfg = Debug|Any CPU
		{68ABF904-09E9-4F8B-AEFB-3CA5B52209BE}.Debug|Any CPU.Build.0 = Debug|Any CPU
		{68ABF904-09E9-4F8B-AEFB-3CA5B52209BE}.Release|Any CPU.ActiveCfg = Release|Any CPU
		{68ABF904-09E9-4F8B-AEFB-3CA5B52209BE}.Release|Any CPU.Build.0 = Release|Any CPU
	EndGlobalSection
	GlobalSection(MonoDevelopProperties) = preSolution
		StartupItem = TrainingSolution.Shared\TrainingSolution.Shared.csproj
	EndGlobalSection
EndGlobal
